// !$*UTF8*$!
{
	archiveVersion = 1;
	classes = {
	};
	objectVersion = 46;
	objects = {

/* Begin PBXBuildFile section */
		18A2FA1419A6610F0021434D /* AppDelegate.swift in Sources */ = {isa = PBXBuildFile; fileRef = 18A2FA1319A6610F0021434D /* AppDelegate.swift */; };
		18A2FA1619A6610F0021434D /* ViewController.swift in Sources */ = {isa = PBXBuildFile; fileRef = 18A2FA1519A6610F0021434D /* ViewController.swift */; };
		18A2FA1919A6610F0021434D /* Main.storyboard in Resources */ = {isa = PBXBuildFile; fileRef = 18A2FA1719A6610F0021434D /* Main.storyboard */; };
		18A2FA1B19A6610F0021434D /* Images.xcassets in Resources */ = {isa = PBXBuildFile; fileRef = 18A2FA1A19A6610F0021434D /* Images.xcassets */; };
		18A2FA2719A6610F0021434D /* FibonacciTests.swift in Sources */ = {isa = PBXBuildFile; fileRef = 18A2FA2619A6610F0021434D /* FibonacciTests.swift */; };
		18A2FA3119A6614B0021434D /* FibonacciModel.swift in Sources */ = {isa = PBXBuildFile; fileRef = 18A2FA3019A6614B0021434D /* FibonacciModel.swift */; };
/* End PBXBuildFile section */

/* Begin PBXContainerItemProxy section */
		18A2FA2119A6610F0021434D /* PBXContainerItemProxy */ = {
			isa = PBXContainerItemProxy;
			containerPortal = 18A2FA0619A6610F0021434D /* Project object */;
			proxyType = 1;
			remoteGlobalIDString = 18A2FA0D19A6610F0021434D;
			remoteInfo = Fibonacci;
		};
/* End PBXContainerItemProxy section */

/* Begin PBXFileReference section */
		18A2FA0E19A6610F0021434D /* Fibonacci.app */ = {isa = PBXFileReference; explicitFileType = wrapper.application; includeInIndex = 0; path = Fibonacci.app; sourceTree = BUILT_PRODUCTS_DIR; };
		18A2FA1219A6610F0021434D /* Info.plist */ = {isa = PBXFileReference; lastKnownFileType = text.plist.xml; path = Info.plist; sourceTree = "<group>"; };
		18A2FA1319A6610F0021434D /* AppDelegate.swift */ = {isa = PBXFileReference; lastKnownFileType = sourcecode.swift; path = AppDelegate.swift; sourceTree = "<group>"; };
		18A2FA1519A6610F0021434D /* ViewController.swift */ = {isa = PBXFileReference; lastKnownFileType = sourcecode.swift; path = ViewController.swift; sourceTree = "<group>"; };
		18A2FA1819A6610F0021434D /* Base */ = {isa = PBXFileReference; lastKnownFileType = file.storyboard; name = Base; path = Base.lproj/Main.storyboard; sourceTree = "<group>"; };
		18A2FA1A19A6610F0021434D /* Images.xcassets */ = {isa = PBXFileReference; lastKnownFileType = folder.assetcatalog; path = Images.xcassets; sourceTree = "<group>"; };
		18A2FA2019A6610F0021434D /* FibonacciTests.xctest */ = {isa = PBXFileReference; explicitFileType = wrapper.cfbundle; includeInIndex = 0; path = FibonacciTests.xctest; sourceTree = BUILT_PRODUCTS_DIR; };
		18A2FA2519A6610F0021434D /* Info.plist */ = {isa = PBXFileReference; lastKnownFileType = text.plist.xml; path = Info.plist; sourceTree = "<group>"; };
		18A2FA2619A6610F0021434D /* FibonacciTests.swift */ = {isa = PBXFileReference; lastKnownFileType = sourcecode.swift; path = FibonacciTests.swift; sourceTree = "<group>"; };
		18A2FA3019A6614B0021434D /* FibonacciModel.swift */ = {isa = PBXFileReference; fileEncoding = 4; lastKnownFileType = sourcecode.swift; path = FibonacciModel.swift; sourceTree = SOURCE_ROOT; };
/* End PBXFileReference section */

/* Begin PBXFrameworksBuildPhase section */
		18A2FA0B19A6610F0021434D /* Frameworks */ = {
			isa = PBXFrameworksBuildPhase;
			buildActionMask = 2147483647;
			files = (
			);
			runOnlyForDeploymentPostprocessing = 0;
		};
		18A2FA1D19A6610F0021434D /* Frameworks */ = {
			isa = PBXFrameworksBuildPhase;
			buildActionMask = 2147483647;
			files = (
			);
			runOnlyForDeploymentPostprocessing = 0;
		};
/* End PBXFrameworksBuildPhase section */

/* Begin PBXGroup section */
		18A2FA0519A6610F0021434D = {
			isa = PBXGroup;
			children = (
				18A2FA1019A6610F0021434D /* Fibonacci */,
				18A2FA2319A6610F0021434D /* FibonacciTests */,
				18A2FA0F19A6610F0021434D /* Products */,
			);
			sourceTree = "<group>";
		};
		18A2FA0F19A6610F0021434D /* Products */ = {
			isa = PBXGroup;
			children = (
				18A2FA0E19A6610F0021434D /* Fibonacci.app */,
				18A2FA2019A6610F0021434D /* FibonacciTests.xctest */,
			);
			name = Products;
			sourceTree = "<group>";
		};
		18A2FA1019A6610F0021434D /* Fibonacci */ = {
			isa = PBXGroup;
			children = (
				18A2FA3019A6614B0021434D /* FibonacciModel.swift */,
				18A2FA1319A6610F0021434D /* AppDelegate.swift */,
				18A2FA1519A6610F0021434D /* ViewController.swift */,
				18A2FA1719A6610F0021434D /* Main.storyboard */,
				18A2FA1A19A6610F0021434D /* Images.xcassets */,
				18A2FA1119A6610F0021434D /* Supporting Files */,
			);
			path = Fibonacci;
			sourceTree = "<group>";
		};
		18A2FA1119A6610F0021434D /* Supporting Files */ = {
			isa = PBXGroup;
			children = (
				18A2FA1219A6610F0021434D /* Info.plist */,
			);
			name = "Supporting Files";
			sourceTree = "<group>";
		};
		18A2FA2319A6610F0021434D /* FibonacciTests */ = {
			isa = PBXGroup;
			children = (
				18A2FA2619A6610F0021434D /* FibonacciTests.swift */,
				18A2FA2419A6610F0021434D /* Supporting Files */,
			);
			path = FibonacciTests;
			sourceTree = "<group>";
		};
		18A2FA2419A6610F0021434D /* Supporting Files */ = {
			isa = PBXGroup;
			children = (
				18A2FA2519A6610F0021434D /* Info.plist */,
			);
			name = "Supporting Files";
			sourceTree = "<group>";
		};
/* End PBXGroup section */

/* Begin PBXNativeTarget section */
		18A2FA0D19A6610F0021434D /* Fibonacci */ = {
			isa = PBXNativeTarget;
			buildConfigurationList = 18A2FA2A19A6610F0021434D /* Build configuration list for PBXNativeTarget "Fibonacci" */;
			buildPhases = (
				18A2FA0A19A6610F0021434D /* Sources */,
				18A2FA0B19A6610F0021434D /* Frameworks */,
				18A2FA0C19A6610F0021434D /* Resources */,
			);
			buildRules = (
			);
			dependencies = (
			);
			name = Fibonacci;
			productName = Fibonacci;
			productReference = 18A2FA0E19A6610F0021434D /* Fibonacci.app */;
			productType = "com.apple.product-type.application";
		};
		18A2FA1F19A6610F0021434D /* FibonacciTests */ = {
			isa = PBXNativeTarget;
			buildConfigurationList = 18A2FA2D19A6610F0021434D /* Build configuration list for PBXNativeTarget "FibonacciTests" */;
			buildPhases = (
				18A2FA1C19A6610F0021434D /* Sources */,
				18A2FA1D19A6610F0021434D /* Frameworks */,
				18A2FA1E19A6610F0021434D /* Resources */,
			);
			buildRules = (
			);
			dependencies = (
				18A2FA2219A6610F0021434D /* PBXTargetDependency */,
			);
			name = FibonacciTests;
			productName = FibonacciTests;
			productReference = 18A2FA2019A6610F0021434D /* FibonacciTests.xctest */;
			productType = "com.apple.product-type.bundle.unit-test";
		};
/* End PBXNativeTarget section */

/* Begin PBXProject section */
		18A2FA0619A6610F0021434D /* Project object */ = {
			isa = PBXProject;
			attributes = {
				LastUpgradeCheck = 0600;
				ORGANIZATIONNAME = "Nick Ross";
				TargetAttributes = {
					18A2FA0D19A6610F0021434D = {
						CreatedOnToolsVersion = 6.0;
					};
					18A2FA1F19A6610F0021434D = {
						CreatedOnToolsVersion = 6.0;
						TestTargetID = 18A2FA0D19A6610F0021434D;
					};
				};
			};
			buildConfigurationList = 18A2FA0919A6610F0021434D /* Build configuration list for PBXProject "Fibonacci" */;
			compatibilityVersion = "Xcode 3.2";
			developmentRegion = English;
			hasScannedForEncodings = 0;
			knownRegions = (
				en,
				Base,
			);
			mainGroup = 18A2FA0519A6610F0021434D;
			productRefGroup = 18A2FA0F19A6610F0021434D /* Products */;
			projectDirPath = "";
			projectRoot = "";
			targets = (
				18A2FA0D19A6610F0021434D /* Fibonacci */,
				18A2FA1F19A6610F0021434D /* FibonacciTests */,
			);
		};
/* End PBXProject section */

/* Begin PBXResourcesBuildPhase section */
		18A2FA0C19A6610F0021434D /* Resources */ = {
			isa = PBXResourcesBuildPhase;
			buildActionMask = 2147483647;
			files = (
				18A2FA1919A6610F0021434D /* Main.storyboard in Resources */,
				18A2FA1B19A6610F0021434D /* Images.xcassets in Resources */,
			);
			runOnlyForDeploymentPostprocessing = 0;
		};
		18A2FA1E19A6610F0021434D /* Resources */ = {
			isa = PBXResourcesBuildPhase;
			buildActionMask = 2147483647;
			files = (
			);
			runOnlyForDeploymentPostprocessing = 0;
		};
/* End PBXResourcesBuildPhase section */

/* Begin PBXSourcesBuildPhase section */
		18A2FA0A19A6610F0021434D /* Sources */ = {
			isa = PBXSourcesBuildPhase;
			buildActionMask = 2147483647;
			files = (
				18A2FA3119A6614B0021434D /* FibonacciModel.swift in Sources */,
				18A2FA1619A6610F0021434D /* ViewController.swift in Sources */,
				18A2FA1419A6610F0021434D /* AppDelegate.swift in Sources */,
			);
			runOnlyForDeploymentPostprocessing = 0;
		};
		18A2FA1C19A6610F0021434D /* Sources */ = {
			isa = PBXSourcesBuildPhase;
			buildActionMask = 2147483647;
			files = (
				18A2FA2719A6610F0021434D /* FibonacciTests.swift in Sources */,
			);
			runOnlyForDeploymentPostprocessing = 0;
		};
/* End PBXSourcesBuildPhase section */

/* Begin PBXTargetDependency section */
		18A2FA2219A6610F0021434D /* PBXTargetDependency */ = {
			isa = PBXTargetDependency;
			target = 18A2FA0D19A6610F0021434D /* Fibonacci */;
			targetProxy = 18A2FA2119A6610F0021434D /* PBXContainerItemProxy */;
		};
/* End PBXTargetDependency section */

/* Begin PBXVariantGroup section */
		18A2FA1719A6610F0021434D /* Main.storyboard */ = {
			isa = PBXVariantGroup;
			children = (
				18A2FA1819A6610F0021434D /* Base */,
			);
			name = Main.storyboard;
			sourceTree = "<group>";
		};
/* End PBXVariantGroup section */

/* Begin XCBuildConfiguration section */
		18A2FA2819A6610F0021434D /* Debug */ = {
			isa = XCBuildConfiguration;
			buildSettings = {
				ALWAYS_SEARCH_USER_PATHS = NO;
				CLANG_CXX_LANGUAGE_STANDARD = "gnu++0x";
				CLANG_CXX_LIBRARY = "libc++";
				CLANG_ENABLE_MODULES = YES;
				CLANG_ENABLE_OBJC_ARC = YES;
				CLANG_WARN_BOOL_CONVERSION = YES;
				CLANG_WARN_CONSTANT_CONVERSION = YES;
				CLANG_WARN_DIRECT_OBJC_ISA_USAGE = YES_ERROR;
				CLANG_WARN_EMPTY_BODY = YES;
				CLANG_WARN_ENUM_CONVERSION = YES;
				CLANG_WARN_INT_CONVERSION = YES;
				CLANG_WARN_OBJC_ROOT_CLASS = YES_ERROR;
				CLANG_WARN_UNREACHABLE_CODE = YES;
				CLANG_WARN__DUPLICATE_METHOD_MATCH = YES;
				"CODE_SIGN_IDENTITY[sdk=iphoneos*]" = "iPhone Developer";
				COPY_PHASE_STRIP = NO;
				ENABLE_STRICT_OBJC_MSGSEND = YES;
				GCC_C_LANGUAGE_STANDARD = gnu99;
				GCC_DYNAMIC_NO_PIC = NO;
				GCC_OPTIMIZATION_LEVEL = 0;
				GCC_PREPROCESSOR_DEFINITIONS = (
					"DEBUG=1",
					"$(inherited)",
				);
				GCC_SYMBOLS_PRIVATE_EXTERN = NO;
				GCC_WARN_64_TO_32_BIT_CONVERSION = YES;
				GCC_WARN_ABOUT_RETURN_TYPE = YES_ERROR;
				GCC_WARN_UNDECLARED_SELECTOR = YES;
				GCC_WARN_UNINITIALIZED_AUTOS = YES_AGGRESSIVE;
				GCC_WARN_UNUSED_FUNCTION = YES;
				GCC_WARN_UNUSED_VARIABLE = YES;
				IPHONEOS_DEPLOYMENT_TARGET = 8.0;
				MTL_ENABLE_DEBUG_INFO = YES;
				ONLY_ACTIVE_ARCH = YES;
				SDKROOT = iphoneos;
				SWIFT_OPTIMIZATION_LEVEL = "-Onone";
			};
			name = Debug;
		};
		18A2FA2919A6610F0021434D /* Release */ = {
			isa = XCBuildConfiguration;
			buildSettings = {
				ALWAYS_SEARCH_USER_PATHS = NO;
				CLANG_CXX_LANGUAGE_STANDARD = "gnu++0x";
				CLANG_CXX_LIBRARY = "libc++";
				CLANG_ENABLE_MODULES = YES;
				CLANG_ENABLE_OBJC_ARC = YES;
				CLANG_WARN_BOOL_CONVERSION = YES;
				CLANG_WARN_CONSTANT_CONVERSION = YES;
				CLANG_WARN_DIRECT_OBJC_ISA_USAGE = YES_ERROR;
				CLANG_WARN_EMPTY_BODY = YES;
				CLANG_WARN_ENUM_CONVERSION = YES;
				CLANG_WARN_INT_CONVERSION = YES;
				CLANG_WARN_OBJC_ROOT_CLASS = YES_ERROR;
				CLANG_WARN_UNREACHABLE_CODE = YES;
				CLANG_WARN__DUPLICATE_METHOD_MATCH = YES;
				"CODE_SIGN_IDENTITY[sdk=iphoneos*]" = "iPhone Developer";
				COPY_PHASE_STRIP = YES;
				ENABLE_NS_ASSERTIONS = NO;
				ENABLE_STRICT_OBJC_MSGSEND = YES;
				GCC_C_LANGUAGE_STANDARD = gnu99;
				GCC_WARN_64_TO_32_BIT_CONVERSION = YES;
				GCC_WARN_ABOUT_RETURN_TYPE = YES_ERROR;
				GCC_WARN_UNDECLARED_SELECTOR = YES;
				GCC_WARN_UNINITIALIZED_AUTOS = YES_AGGRESSIVE;
				GCC_WARN_UNUSED_FUNCTION = YES;
				GCC_WARN_UNUSED_VARIABLE = YES;
				IPHONEOS_DEPLOYMENT_TARGET = 8.0;
				MTL_ENABLE_DEBUG_INFO = NO;
				SDKROOT = iphoneos;
				VALIDATE_PRODUCT = YES;
			};
			name = Release;
		};
		18A2FA2B19A6610F0021434D /* Debug */ = {
			isa = XCBuildConfiguration;
			buildSettings = {
				ASSETCATALOG_COMPILER_APPICON_NAME = AppIcon;
				ASSETCATALOG_COMPILER_LAUNCHIMAGE_NAME = LaunchImage;
				INFOPLIST_FILE = Fibonacci/Info.plist;
				LD_RUNPATH_SEARCH_PATHS = "$(inherited) @executable_path/Frameworks";
				PRODUCT_NAME = "$(TARGET_NAME)";
			};
			name = Debug;
		};
		18A2FA2C19A6610F0021434D /* Release */ = {
			isa = XCBuildConfiguration;
			buildSettings = {
				ASSETCATALOG_COMPILER_APPICON_NAME = AppIcon;
				ASSETCATALOG_COMPILER_LAUNCHIMAGE_NAME = LaunchImage;
				INFOPLIST_FILE = Fibonacci/Info.plist;
				LD_RUNPATH_SEARCH_PATHS = "$(inherited) @executable_path/Frameworks";
				PRODUCT_NAME = "$(TARGET_NAME)";
			};
			name = Release;
		};
		18A2FA2E19A6610F0021434D /* Debug */ = {
			isa = XCBuildConfiguration;
			buildSettings = {
				BUNDLE_LOADER = "$(TEST_HOST)";
				FRAMEWORK_SEARCH_PATHS = (
					"$(SDKROOT)/Developer/Library/Frameworks",
					"$(inherited)",
				);
				GCC_PREPROCESSOR_DEFINITIONS = (
					"DEBUG=1",
					"$(inherited)",
				);
				INFOPLIST_FILE = FibonacciTests/Info.plist;
				LD_RUNPATH_SEARCH_PATHS = "$(inherited) @executable_path/Frameworks @loader_path/Frameworks";
				PRODUCT_NAME = "$(TARGET_NAME)";
				TEST_HOST = "$(BUILT_PRODUCTS_DIR)/Fibonacci.app/Fibonacci";
			};
			name = Debug;
		};
		18A2FA2F19A6610F0021434D /* Release */ = {
			isa = XCBuildConfiguration;
			buildSettings = {
				BUNDLE_LOADER = "$(TEST_HOST)";
				FRAMEWORK_SEARCH_PATHS = (
					"$(SDKROOT)/Developer/Library/Frameworks",
					"$(inherited)",
				);
				INFOPLIST_FILE = FibonacciTests/Info.plist;
				LD_RUNPATH_SEARCH_PATHS = "$(inherited) @executable_path/Frameworks @loader_path/Frameworks";
				PRODUCT_NAME = "$(TARGET_NAME)";
				TEST_HOST = "$(BUILT_PRODUCTS_DIR)/Fibonacci.app/Fibonacci";
			};
			name = Release;
		};
/* End XCBuildConfiguration section */

/* Begin XCConfigurationList section */
		18A2FA0919A6610F0021434D /* Build configuration list for PBXProject "Fibonacci" */ = {
			isa = XCConfigurationList;
			buildConfigurations = (
				18A2FA2819A6610F0021434D /* Debug */,
				18A2FA2919A6610F0021434D /* Release */,
			);
			defaultConfigurationIsVisible = 0;
			defaultConfigurationName = Release;
		};
		18A2FA2A19A6610F0021434D /* Build configuration list for PBXNativeTarget "Fibonacci" */ = {
			isa = XCConfigurationList;
			buildConfigurations = (
				18A2FA2B19A6610F0021434D /* Debug */,
				18A2FA2C19A6610F0021434D /* Release */,
			);
			defaultConfigurationIsVisible = 0;
		};
		18A2FA2D19A6610F0021434D /* Build configuration list for PBXNativeTarget "FibonacciTests" */ = {
			isa = XCConfigurationList;
			buildConfigurations = (
				18A2FA2E19A6610F0021434D /* Debug */,
				18A2FA2F19A6610F0021434D /* Release */,
			);
			defaultConfigurationIsVisible = 0;
		};
/* End XCConfigurationList section */
	};
	rootObject = 18A2FA0619A6610F0021434D /* Project object */;
}
